
Microsoft Visual Studio Solution File, Format Version 12.00
# Visual Studio Version 16
VisualStudioVersion = 16.0.31205.134
MinimumVisualStudioVersion = 10.0.40219.1
Project("{FAE04EC0-301F-11D3-BF4B-00C04F79EFBC}") = "Adapter", "Adapter\Adapter.csproj", "{07A7918E-33FE-4FDE-B988-DE4C678ECA73}"
EndProject
Global
	GlobalSection(SolutionConfigurationPlatforms) = preSolution
		Debug|Any CPU = Debug|Any CPU
		Release|Any CPU = Release|Any CPU
	EndGlobalSection
	GlobalSection(ProjectConfigurationPlatforms) = postSolution
		{07A7918E-33FE-4FDE-B988-DE4C678ECA73}.Debug|Any CPU.ActiveCfg = Debug|Any CPU
		{07A7918E-33FE-4FDE-B988-DE4C678ECA73}.Debug|Any CPU.Build.0 = Debug|Any CPU
		{07A7918E-33FE-4FDE-B988-DE4C678ECA73}.Release|Any CPU.ActiveCfg = Release|Any CPU
		{07A7918E-33FE-4FDE-B988-DE4C678ECA73}.Release|Any CPU.Build.0 = Release|Any CPU
	EndGlobalSection
	GlobalSection(SolutionProperties) = preSolution
		HideSolutionNode = FALSE
	EndGlobalSection
	GlobalSection(ExtensibilityGlobals) = postSolution
		SolutionGuid = {2CC719E3-734E-4DE8-8E18-F8A217D1CD98}
	EndGlobalSection
EndGlobal
